
Microsoft Visual Studio Solution File, Format Version 12.00
# Visual Studio 14
VisualStudioVersion = 14.0.23107.0
MinimumVisualStudioVersion = 10.0.40219.1
Project("{8BC9CEB8-8B4A-11D0-8D11-00A0C91BC942}") = "Dovelet_equation_2", "Dovelet_equation_2\Dovelet_equation_2.vcxproj", "{67A3413B-15A1-4DF5-A94C-D5255BF761DD}"
EndProject
Global
	GlobalSection(SolutionConfigurationPlatforms) = preSolution
		Debug|x64 = Debug|x64
		Debug|x86 = Debug|x86
		Release|x64 = Release|x64
		Release|x86 = Release|x86
	EndGlobalSection
	GlobalSection(ProjectConfigurationPlatforms) = postSolution
		{67A3413B-15A1-4DF5-A94C-D5255BF761DD}.Debug|x64.ActiveCfg = Debug|x64
		{67A3413B-15A1-4DF5-A94C-D5255BF761DD}.Debug|x64.Build.0 = Debug|x64
		{67A3413B-15A1-4DF5-A94C-D5255BF761DD}.Debug|x86.ActiveCfg = Debug|Win32
		{67A3413B-15A1-4DF5-A94C-D5255BF761DD}.Debug|x86.Build.0 = Debug|Win32
		{67A3413B-15A1-4DF5-A94C-D5255BF761DD}.Release|x64.ActiveCfg = Release|x64
		{67A3413B-15A1-4DF5-A94C-D5255BF761DD}.Release|x64.Build.0 = Release|x64
		{67A3413B-15A1-4DF5-A94C-D5255BF761DD}.Release|x86.ActiveCfg = Release|Win32
		{67A3413B-15A1-4DF5-A94C-D5255BF761DD}.Release|x86.Build.0 = Release|Win32
	EndGlobalSection
	GlobalSection(SolutionProperties) = preSolution
		HideSolutionNode = FALSE
	EndGlobalSection
EndGlobal
